
Microsoft Visual Studio Solution File, Format Version 12.00
# Visual Studio Version 17
VisualStudioVersion = 17.10.34916.146
MinimumVisualStudioVersion = 10.0.40219.1
Project("{FAE04EC0-301F-11D3-BF4B-00C04F79EFBC}") = "Assignment4.2", "Assignment4.2.csproj", "{BB2A6A7A-D999-4FB3-9287-3F755CB5CB76}"
EndProject
Global
	GlobalSection(SolutionConfigurationPlatforms) = preSolution
		Debug|Any CPU = Debug|Any CPU
		Release|Any CPU = Release|Any CPU
	EndGlobalSection
	GlobalSection(ProjectConfigurationPlatforms) = postSolution
		{BB2A6A7A-D999-4FB3-9287-3F755CB5CB76}.Debug|Any CPU.ActiveCfg = Debug|Any CPU
		{BB2A6A7A-D999-4FB3-9287-3F755CB5CB76}.Debug|Any CPU.Build.0 = Debug|Any CPU
		{BB2A6A7A-D999-4FB3-9287-3F755CB5CB76}.Release|Any CPU.ActiveCfg = Release|Any CPU
		{BB2A6A7A-D999-4FB3-9287-3F755CB5CB76}.Release|Any CPU.Build.0 = Release|Any CPU
	EndGlobalSection
	GlobalSection(SolutionProperties) = preSolution
		HideSolutionNode = FALSE
	EndGlobalSection
	GlobalSection(ExtensibilityGlobals) = postSolution
		SolutionGuid = {F4E2382D-F489-4F80-B32E-314CC99262B1}
	EndGlobalSection
EndGlobal
