
Microsoft Visual Studio Solution File, Format Version 12.00
# Visual Studio Version 17
VisualStudioVersion = 17.10.34928.147
MinimumVisualStudioVersion = 10.0.40219.1
Project("{FAE04EC0-301F-11D3-BF4B-00C04F79EFBC}") = "Assignment5.1.1", "Assignment5.1.1.csproj", "{A9552CAB-9ACC-43E3-9545-6706AE4C5C64}"
EndProject
Global
	GlobalSection(SolutionConfigurationPlatforms) = preSolution
		Debug|Any CPU = Debug|Any CPU
		Release|Any CPU = Release|Any CPU
	EndGlobalSection
	GlobalSection(ProjectConfigurationPlatforms) = postSolution
		{A9552CAB-9ACC-43E3-9545-6706AE4C5C64}.Debug|Any CPU.ActiveCfg = Debug|Any CPU
		{A9552CAB-9ACC-43E3-9545-6706AE4C5C64}.Debug|Any CPU.Build.0 = Debug|Any CPU
		{A9552CAB-9ACC-43E3-9545-6706AE4C5C64}.Release|Any CPU.ActiveCfg = Release|Any CPU
		{A9552CAB-9ACC-43E3-9545-6706AE4C5C64}.Release|Any CPU.Build.0 = Release|Any CPU
	EndGlobalSection
	GlobalSection(SolutionProperties) = preSolution
		HideSolutionNode = FALSE
	EndGlobalSection
	GlobalSection(ExtensibilityGlobals) = postSolution
		SolutionGuid = {6197D3D1-1C2E-4799-9C6B-E75796B53E65}
	EndGlobalSection
EndGlobal
