
Microsoft Visual Studio Solution File, Format Version 12.00
# Visual Studio Version 17
VisualStudioVersion = 17.10.34928.147
MinimumVisualStudioVersion = 10.0.40219.1
Project("{FAE04EC0-301F-11D3-BF4B-00C04F79EFBC}") = "Week5Challenge1", "Week5Challenge1.csproj", "{A09B1056-D919-46F9-BD52-6A1D8FBEB5DD}"
EndProject
Global
	GlobalSection(SolutionConfigurationPlatforms) = preSolution
		Debug|Any CPU = Debug|Any CPU
		Release|Any CPU = Release|Any CPU
	EndGlobalSection
	GlobalSection(ProjectConfigurationPlatforms) = postSolution
		{A09B1056-D919-46F9-BD52-6A1D8FBEB5DD}.Debug|Any CPU.ActiveCfg = Debug|Any CPU
		{A09B1056-D919-46F9-BD52-6A1D8FBEB5DD}.Debug|Any CPU.Build.0 = Debug|Any CPU
		{A09B1056-D919-46F9-BD52-6A1D8FBEB5DD}.Release|Any CPU.ActiveCfg = Release|Any CPU
		{A09B1056-D919-46F9-BD52-6A1D8FBEB5DD}.Release|Any CPU.Build.0 = Release|Any CPU
	EndGlobalSection
	GlobalSection(SolutionProperties) = preSolution
		HideSolutionNode = FALSE
	EndGlobalSection
	GlobalSection(ExtensibilityGlobals) = postSolution
		SolutionGuid = {4F23E182-8193-49E9-AD5B-C6025808B2AA}
	EndGlobalSection
EndGlobal
