
Microsoft Visual Studio Solution File, Format Version 12.00
# Visual Studio Version 17
VisualStudioVersion = 17.9.34902.65
MinimumVisualStudioVersion = 10.0.40219.1
Project("{FAE04EC0-301F-11D3-BF4B-00C04F79EFBC}") = "Assignment3.1.1", "Assignment3.1.1.csproj", "{BB32CBD4-5212-49C5-8EBF-6A7480CFD32A}"
EndProject
Global
	GlobalSection(SolutionConfigurationPlatforms) = preSolution
		Debug|Any CPU = Debug|Any CPU
		Release|Any CPU = Release|Any CPU
	EndGlobalSection
	GlobalSection(ProjectConfigurationPlatforms) = postSolution
		{BB32CBD4-5212-49C5-8EBF-6A7480CFD32A}.Debug|Any CPU.ActiveCfg = Debug|Any CPU
		{BB32CBD4-5212-49C5-8EBF-6A7480CFD32A}.Debug|Any CPU.Build.0 = Debug|Any CPU
		{BB32CBD4-5212-49C5-8EBF-6A7480CFD32A}.Release|Any CPU.ActiveCfg = Release|Any CPU
		{BB32CBD4-5212-49C5-8EBF-6A7480CFD32A}.Release|Any CPU.Build.0 = Release|Any CPU
	EndGlobalSection
	GlobalSection(SolutionProperties) = preSolution
		HideSolutionNode = FALSE
	EndGlobalSection
	GlobalSection(ExtensibilityGlobals) = postSolution
		SolutionGuid = {47555D9C-9789-4670-AA61-D401BB015854}
	EndGlobalSection
EndGlobal
