
Microsoft Visual Studio Solution File, Format Version 12.00
# Visual Studio Version 17
VisualStudioVersion = 17.9.34902.65
MinimumVisualStudioVersion = 10.0.40219.1
Project("{FAE04EC0-301F-11D3-BF4B-00C04F79EFBC}") = "Assignment2.3.2", "Assignment2.3.2.csproj", "{90DB27A3-7411-4292-846D-73EFA7758A8B}"
EndProject
Global
	GlobalSection(SolutionConfigurationPlatforms) = preSolution
		Debug|Any CPU = Debug|Any CPU
		Release|Any CPU = Release|Any CPU
	EndGlobalSection
	GlobalSection(ProjectConfigurationPlatforms) = postSolution
		{90DB27A3-7411-4292-846D-73EFA7758A8B}.Debug|Any CPU.ActiveCfg = Debug|Any CPU
		{90DB27A3-7411-4292-846D-73EFA7758A8B}.Debug|Any CPU.Build.0 = Debug|Any CPU
		{90DB27A3-7411-4292-846D-73EFA7758A8B}.Release|Any CPU.ActiveCfg = Release|Any CPU
		{90DB27A3-7411-4292-846D-73EFA7758A8B}.Release|Any CPU.Build.0 = Release|Any CPU
	EndGlobalSection
	GlobalSection(SolutionProperties) = preSolution
		HideSolutionNode = FALSE
	EndGlobalSection
	GlobalSection(ExtensibilityGlobals) = postSolution
		SolutionGuid = {12FE3604-3105-4776-A823-8047E767C535}
	EndGlobalSection
EndGlobal
