
Microsoft Visual Studio Solution File, Format Version 12.00
# Visual Studio Version 17
VisualStudioVersion = 17.10.35004.147
MinimumVisualStudioVersion = 10.0.40219.1
Project("{FAE04EC0-301F-11D3-BF4B-00C04F79EFBC}") = "Assignment7.2.2", "Assignment7.2.2.csproj", "{8E620CEA-69DF-4626-BF7A-E71F1D40D443}"
EndProject
Global
	GlobalSection(SolutionConfigurationPlatforms) = preSolution
		Debug|Any CPU = Debug|Any CPU
		Release|Any CPU = Release|Any CPU
	EndGlobalSection
	GlobalSection(ProjectConfigurationPlatforms) = postSolution
		{8E620CEA-69DF-4626-BF7A-E71F1D40D443}.Debug|Any CPU.ActiveCfg = Debug|Any CPU
		{8E620CEA-69DF-4626-BF7A-E71F1D40D443}.Debug|Any CPU.Build.0 = Debug|Any CPU
		{8E620CEA-69DF-4626-BF7A-E71F1D40D443}.Release|Any CPU.ActiveCfg = Release|Any CPU
		{8E620CEA-69DF-4626-BF7A-E71F1D40D443}.Release|Any CPU.Build.0 = Release|Any CPU
	EndGlobalSection
	GlobalSection(SolutionProperties) = preSolution
		HideSolutionNode = FALSE
	EndGlobalSection
	GlobalSection(ExtensibilityGlobals) = postSolution
		SolutionGuid = {2B379867-A407-4C9A-9B69-A75D4A6DB623}
	EndGlobalSection
EndGlobal
