
Microsoft Visual Studio Solution File, Format Version 12.00
# Visual Studio Version 17
VisualStudioVersion = 17.10.35004.147
MinimumVisualStudioVersion = 10.0.40219.1
Project("{FAE04EC0-301F-11D3-BF4B-00C04F79EFBC}") = "ReverseArray", "ReverseArray.csproj", "{BD9FFA86-0F57-4055-9EDC-6803D905BC6B}"
EndProject
Global
	GlobalSection(SolutionConfigurationPlatforms) = preSolution
		Debug|Any CPU = Debug|Any CPU
		Release|Any CPU = Release|Any CPU
	EndGlobalSection
	GlobalSection(ProjectConfigurationPlatforms) = postSolution
		{BD9FFA86-0F57-4055-9EDC-6803D905BC6B}.Debug|Any CPU.ActiveCfg = Debug|Any CPU
		{BD9FFA86-0F57-4055-9EDC-6803D905BC6B}.Debug|Any CPU.Build.0 = Debug|Any CPU
		{BD9FFA86-0F57-4055-9EDC-6803D905BC6B}.Release|Any CPU.ActiveCfg = Release|Any CPU
		{BD9FFA86-0F57-4055-9EDC-6803D905BC6B}.Release|Any CPU.Build.0 = Release|Any CPU
	EndGlobalSection
	GlobalSection(SolutionProperties) = preSolution
		HideSolutionNode = FALSE
	EndGlobalSection
	GlobalSection(ExtensibilityGlobals) = postSolution
		SolutionGuid = {A5B39F28-E6DB-40E2-BCC7-2300B20A4066}
	EndGlobalSection
EndGlobal
