
Microsoft Visual Studio Solution File, Format Version 12.00
# Visual Studio Version 17
VisualStudioVersion = 17.9.34902.65
MinimumVisualStudioVersion = 10.0.40219.1
Project("{FAE04EC0-301F-11D3-BF4B-00C04F79EFBC}") = "Assignment1.4", "Assignment1.4.csproj", "{82C0CE44-4939-4406-9ADE-EA927BB853D0}"
EndProject
Global
	GlobalSection(SolutionConfigurationPlatforms) = preSolution
		Debug|Any CPU = Debug|Any CPU
		Release|Any CPU = Release|Any CPU
	EndGlobalSection
	GlobalSection(ProjectConfigurationPlatforms) = postSolution
		{82C0CE44-4939-4406-9ADE-EA927BB853D0}.Debug|Any CPU.ActiveCfg = Debug|Any CPU
		{82C0CE44-4939-4406-9ADE-EA927BB853D0}.Debug|Any CPU.Build.0 = Debug|Any CPU
		{82C0CE44-4939-4406-9ADE-EA927BB853D0}.Release|Any CPU.ActiveCfg = Release|Any CPU
		{82C0CE44-4939-4406-9ADE-EA927BB853D0}.Release|Any CPU.Build.0 = Release|Any CPU
	EndGlobalSection
	GlobalSection(SolutionProperties) = preSolution
		HideSolutionNode = FALSE
	EndGlobalSection
	GlobalSection(ExtensibilityGlobals) = postSolution
		SolutionGuid = {A477E678-CBDF-4399-AC88-4B16D58A49FB}
	EndGlobalSection
EndGlobal
