
Microsoft Visual Studio Solution File, Format Version 12.00
# Visual Studio Version 17
VisualStudioVersion = 17.10.34928.147
MinimumVisualStudioVersion = 10.0.40219.1
Project("{FAE04EC0-301F-11D3-BF4B-00C04F79EFBC}") = "Assignment5.2.4", "Assignment5.2.4.csproj", "{F37EEA75-1C53-4706-8896-7E89800150FB}"
EndProject
Global
	GlobalSection(SolutionConfigurationPlatforms) = preSolution
		Debug|Any CPU = Debug|Any CPU
		Release|Any CPU = Release|Any CPU
	EndGlobalSection
	GlobalSection(ProjectConfigurationPlatforms) = postSolution
		{F37EEA75-1C53-4706-8896-7E89800150FB}.Debug|Any CPU.ActiveCfg = Debug|Any CPU
		{F37EEA75-1C53-4706-8896-7E89800150FB}.Debug|Any CPU.Build.0 = Debug|Any CPU
		{F37EEA75-1C53-4706-8896-7E89800150FB}.Release|Any CPU.ActiveCfg = Release|Any CPU
		{F37EEA75-1C53-4706-8896-7E89800150FB}.Release|Any CPU.Build.0 = Release|Any CPU
	EndGlobalSection
	GlobalSection(SolutionProperties) = preSolution
		HideSolutionNode = FALSE
	EndGlobalSection
	GlobalSection(ExtensibilityGlobals) = postSolution
		SolutionGuid = {C45738B8-5C11-4727-A456-9236FDDC8041}
	EndGlobalSection
EndGlobal
