
Microsoft Visual Studio Solution File, Format Version 12.00
# Visual Studio Version 17
VisualStudioVersion = 17.10.34916.146
MinimumVisualStudioVersion = 10.0.40219.1
Project("{FAE04EC0-301F-11D3-BF4B-00C04F79EFBC}") = "Week3Challenge3", "Week3Challenge3.csproj", "{1967EC14-B98D-4684-9F9D-5BC052BC88E7}"
EndProject
Global
	GlobalSection(SolutionConfigurationPlatforms) = preSolution
		Debug|Any CPU = Debug|Any CPU
		Release|Any CPU = Release|Any CPU
	EndGlobalSection
	GlobalSection(ProjectConfigurationPlatforms) = postSolution
		{1967EC14-B98D-4684-9F9D-5BC052BC88E7}.Debug|Any CPU.ActiveCfg = Debug|Any CPU
		{1967EC14-B98D-4684-9F9D-5BC052BC88E7}.Debug|Any CPU.Build.0 = Debug|Any CPU
		{1967EC14-B98D-4684-9F9D-5BC052BC88E7}.Release|Any CPU.ActiveCfg = Release|Any CPU
		{1967EC14-B98D-4684-9F9D-5BC052BC88E7}.Release|Any CPU.Build.0 = Release|Any CPU
	EndGlobalSection
	GlobalSection(SolutionProperties) = preSolution
		HideSolutionNode = FALSE
	EndGlobalSection
	GlobalSection(ExtensibilityGlobals) = postSolution
		SolutionGuid = {98AD9B72-13DA-4DB2-A903-AD32F5A16A4C}
	EndGlobalSection
EndGlobal
