
Microsoft Visual Studio Solution File, Format Version 12.00
# Visual Studio Version 17
VisualStudioVersion = 17.9.34902.65
MinimumVisualStudioVersion = 10.0.40219.1
Project("{FAE04EC0-301F-11D3-BF4B-00C04F79EFBC}") = "Assignment2.3.1", "Assignment2.3.1.csproj", "{72A6BA01-F6B1-4B99-8A21-745A02ECC6F2}"
EndProject
Global
	GlobalSection(SolutionConfigurationPlatforms) = preSolution
		Debug|Any CPU = Debug|Any CPU
		Release|Any CPU = Release|Any CPU
	EndGlobalSection
	GlobalSection(ProjectConfigurationPlatforms) = postSolution
		{72A6BA01-F6B1-4B99-8A21-745A02ECC6F2}.Debug|Any CPU.ActiveCfg = Debug|Any CPU
		{72A6BA01-F6B1-4B99-8A21-745A02ECC6F2}.Debug|Any CPU.Build.0 = Debug|Any CPU
		{72A6BA01-F6B1-4B99-8A21-745A02ECC6F2}.Release|Any CPU.ActiveCfg = Release|Any CPU
		{72A6BA01-F6B1-4B99-8A21-745A02ECC6F2}.Release|Any CPU.Build.0 = Release|Any CPU
	EndGlobalSection
	GlobalSection(SolutionProperties) = preSolution
		HideSolutionNode = FALSE
	EndGlobalSection
	GlobalSection(ExtensibilityGlobals) = postSolution
		SolutionGuid = {F4B828C3-2798-4F32-B5A2-F7D1E8EE4EC2}
	EndGlobalSection
EndGlobal
