
Microsoft Visual Studio Solution File, Format Version 12.00
# Visual Studio Version 17
VisualStudioVersion = 17.10.34916.146
MinimumVisualStudioVersion = 10.0.40219.1
Project("{FAE04EC0-301F-11D3-BF4B-00C04F79EFBC}") = "Week3Challenge2", "Week3Challenge2.csproj", "{A193F83B-934D-4236-890A-6D6FC746FA3A}"
EndProject
Global
	GlobalSection(SolutionConfigurationPlatforms) = preSolution
		Debug|Any CPU = Debug|Any CPU
		Release|Any CPU = Release|Any CPU
	EndGlobalSection
	GlobalSection(ProjectConfigurationPlatforms) = postSolution
		{A193F83B-934D-4236-890A-6D6FC746FA3A}.Debug|Any CPU.ActiveCfg = Debug|Any CPU
		{A193F83B-934D-4236-890A-6D6FC746FA3A}.Debug|Any CPU.Build.0 = Debug|Any CPU
		{A193F83B-934D-4236-890A-6D6FC746FA3A}.Release|Any CPU.ActiveCfg = Release|Any CPU
		{A193F83B-934D-4236-890A-6D6FC746FA3A}.Release|Any CPU.Build.0 = Release|Any CPU
	EndGlobalSection
	GlobalSection(SolutionProperties) = preSolution
		HideSolutionNode = FALSE
	EndGlobalSection
	GlobalSection(ExtensibilityGlobals) = postSolution
		SolutionGuid = {6E54F91A-D426-40FC-A9E9-7E74A4320D2E}
	EndGlobalSection
EndGlobal
